{
  "name": "@xcanwin/manyoyo",
  "version": "3.2.0",
  "lockfileVersion": 3,
  "requires": true,
  "packages": {
    "": {
      "name": "@xcanwin/manyoyo",
      "version": "3.2.0",
      "license": "MIT",
      "bin": {
        "manyoyo": "bin/manyoyo.js",
        "myy": "bin/manyoyo.js"
      },
      "engines": {
        "node": ">=14.0.0"
      }
    }
  }
}
